<?xml version="1.0" encoding="utf-8"?>
<Project ToolsVersion="4.0" xmlns="http://schemas.microsoft.com/developer/msbuild/2003">
  <ItemGroup>
    <Filter Include="Quelldateien">
      <UniqueIdentifier>{4FC737F1-C7A5-4376-A066-2A32D752A2FF}</UniqueIdentifier>
      <Extensions>cpp;c;cc;cxx;def;odl;idl;hpj;bat;asm;asmx</Extensions>
    </Filter>
    <Filter Include="Ressourcendateien">
      <UniqueIdentifier>{67DA6AB6-F800-4c08-8B7A-83BB121AAD01}</UniqueIdentifier>
      <Extensions>rc;ico;cur;bmp;dlg;rc2;rct;bin;rgs;gif;jpg;jpeg;jpe;resx;tiff;tif;png;wav;mfcribbon-ms</Extensions>
    </Filter>
    <Filter Include="Headerdateien">
      <UniqueIdentifier>{93995380-89BD-4b04-88EB-625FBE52EBFB}</UniqueIdentifier>
      <Extensions>h;hh;hpp;hxx;hm;inl;inc;ipp;xsd</Extensions>
    </Filter>
  </ItemGroup>
  <ItemGroup>
    <ClCompile Include="MainApplication.cpp">
      <Filter>Quelldateien</Filter>
    </ClCompile>
    <ClCompile Include="GameEngine.cpp">
      <Filter>Quelldateien</Filter>
    </ClCompile>
    <ClCompile Include="GameEvents.cpp">
      <Filter>Quelldateien</Filter>
    </ClCompile>
    <ClCompile Include="GamePlayer.cpp">
      <Filter>Quelldateien</Filter>
    </ClCompile>
    <ClCompile Include="TextScroller.cpp">
      <Filter>Quelldateien</Filter>
    </ClCompile>
    <ClCompile Include="UI_Widget.cpp">
      <Filter>Quelldateien</Filter>
    </ClCompile>
    <ClCompile Include="JumperPlayer.cpp">
      <Filter>Quelldateien</Filter>
    </ClCompile>
    <ClCompile Include="LevelEditor.cpp">
      <Filter>Quelldateien</Filter>
    </ClCompile>
    <ClCompile Include="UI_Editor.cpp">
      <Filter>Quelldateien</Filter>
    </ClCompile>
    <ClCompile Include="UI_Container.cpp">
      <Filter>Quelldateien</Filter>
    </ClCompile>
    <ClCompile Include="HorizontalScroller.cpp">
      <Filter>Quelldateien</Filter>
    </ClCompile>
    <ClCompile Include="UI_TextInput.cpp">
      <Filter>Quelldateien</Filter>
    </ClCompile>
    <ClCompile Include="GameMap.cpp">
      <Filter>Quelldateien</Filter>
    </ClCompile>
    <ClCompile Include="GameTypes.cpp">
      <Filter>Quelldateien</Filter>
    </ClCompile>
    <ClCompile Include="SDL_Extras.cpp">
      <Filter>Quelldateien</Filter>
    </ClCompile>
    <ClCompile Include="UI_Control.cpp">
      <Filter>Quelldateien</Filter>
    </ClCompile>
    <ClCompile Include="UI_GridContainer.cpp">
      <Filter>Quelldateien</Filter>
    </ClCompile>
    <ClCompile Include="TilemapTextureResource.cpp">
      <Filter>Quelldateien</Filter>
    </ClCompile>
    <ClCompile Include="Size2D.cpp">
      <Filter>Quelldateien</Filter>
    </ClCompile>
    <ClCompile Include="Size3D.cpp">
      <Filter>Quelldateien</Filter>
    </ClCompile>
    <ClCompile Include="UI_Types.cpp">
      <Filter>Quelldateien</Filter>
    </ClCompile>
    <ClCompile Include="UI_MapConfig.cpp">
      <Filter>Quelldateien</Filter>
    </ClCompile>
    <ClCompile Include="GameComponentBase.cpp">
      <Filter>Quelldateien</Filter>
    </ClCompile>
    <ClCompile Include="UI_Main.cpp">
      <Filter>Quelldateien</Filter>
    </ClCompile>
    <ClCompile Include="UI_Game.cpp">
      <Filter>Quelldateien</Filter>
    </ClCompile>
    <ClCompile Include="UI_TextureResourceSelector.cpp">
      <Filter>Quelldateien</Filter>
    </ClCompile>
  </ItemGroup>
  <ItemGroup>
    <CopyFileToFolders Include="zlib1.dll">
      <Filter>Ressourcendateien</Filter>
    </CopyFileToFolders>
    <CopyFileToFolders Include="libfreetype-6.dll">
      <Filter>Ressourcendateien</Filter>
    </CopyFileToFolders>
    <CopyFileToFolders Include="libpng16-16.dll">
      <Filter>Ressourcendateien</Filter>
    </CopyFileToFolders>
    <CopyFileToFolders Include="libtiff-5.dll">
      <Filter>Ressourcendateien</Filter>
    </CopyFileToFolders>
    <CopyFileToFolders Include="libwebp-7.dll">
      <Filter>Ressourcendateien</Filter>
    </CopyFileToFolders>
    <CopyFileToFolders Include="SDL2.dll">
      <Filter>Ressourcendateien</Filter>
    </CopyFileToFolders>
    <CopyFileToFolders Include="SDL2_image.dll">
      <Filter>Ressourcendateien</Filter>
    </CopyFileToFolders>
    <CopyFileToFolders Include="SDL2_ttf.dll">
      <Filter>Ressourcendateien</Filter>
    </CopyFileToFolders>
    <CopyFileToFolders Include="libFLAC-8.dll">
      <Filter>Ressourcendateien</Filter>
    </CopyFileToFolders>
    <CopyFileToFolders Include="libjpeg-9.dll">
      <Filter>Ressourcendateien</Filter>
    </CopyFileToFolders>
    <CopyFileToFolders Include="libmodplug-1.dll">
      <Filter>Ressourcendateien</Filter>
    </CopyFileToFolders>
    <CopyFileToFolders Include="libmpg123-0.dll">
      <Filter>Ressourcendateien</Filter>
    </CopyFileToFolders>
    <CopyFileToFolders Include="libogg-0.dll">
      <Filter>Ressourcendateien</Filter>
    </CopyFileToFolders>
    <CopyFileToFolders Include="libopus-0.dll">
      <Filter>Ressourcendateien</Filter>
    </CopyFileToFolders>
    <CopyFileToFolders Include="libopusfile-0.dll">
      <Filter>Ressourcendateien</Filter>
    </CopyFileToFolders>
    <CopyFileToFolders Include="libvorbis-0.dll">
      <Filter>Ressourcendateien</Filter>
    </CopyFileToFolders>
    <CopyFileToFolders Include="libvorbisfile-3.dll">
      <Filter>Ressourcendateien</Filter>
    </CopyFileToFolders>
    <CopyFileToFolders Include="SDL2_mixer.dll">
      <Filter>Ressourcendateien</Filter>
    </CopyFileToFolders>
  </ItemGroup>
  <ItemGroup>
    <ClInclude Include="GameEngine.h">
      <Filter>Headerdateien</Filter>
    </ClInclude>
    <ClInclude Include="GameEvents.h">
      <Filter>Headerdateien</Filter>
    </ClInclude>
    <ClInclude Include="GamePlayer.h">
      <Filter>Headerdateien</Filter>
    </ClInclude>
    <ClInclude Include="TextScroller.h">
      <Filter>Headerdateien</Filter>
    </ClInclude>
    <ClInclude Include="HorizontalScoller.h">
      <Filter>Headerdateien</Filter>
    </ClInclude>
    <ClInclude Include="UI_Widget.h">
      <Filter>Headerdateien</Filter>
    </ClInclude>
    <ClInclude Include="JumperPlayer.h">
      <Filter>Headerdateien</Filter>
    </ClInclude>
    <ClInclude Include="LevelEditor.h">
      <Filter>Headerdateien</Filter>
    </ClInclude>
    <ClInclude Include="GameTypes.h">
      <Filter>Headerdateien</Filter>
    </ClInclude>
    <ClInclude Include="UI_Editor.h">
      <Filter>Headerdateien</Filter>
    </ClInclude>
    <ClInclude Include="UI_Types.h">
      <Filter>Headerdateien</Filter>
    </ClInclude>
    <ClInclude Include="UI_Container.h">
      <Filter>Headerdateien</Filter>
    </ClInclude>
    <ClInclude Include="UI_TextInput.h">
      <Filter>Headerdateien</Filter>
    </ClInclude>
    <ClInclude Include="SDL_Extras.h">
      <Filter>Headerdateien</Filter>
    </ClInclude>
    <ClInclude Include="resource.h">
      <Filter>Headerdateien</Filter>
    </ClInclude>
    <ClInclude Include="GameMap.h">
      <Filter>Headerdateien</Filter>
    </ClInclude>
    <ClInclude Include="UI_Control.h">
      <Filter>Headerdateien</Filter>
    </ClInclude>
    <ClInclude Include="UI_GridContainer.h">
      <Filter>Headerdateien</Filter>
    </ClInclude>
    <ClInclude Include="UI_Styles.h">
      <Filter>Headerdateien</Filter>
    </ClInclude>
    <ClInclude Include="TilemapTextureResource.h">
      <Filter>Headerdateien</Filter>
    </ClInclude>
    <ClInclude Include="Size2D.h">
      <Filter>Headerdateien</Filter>
    </ClInclude>
    <ClInclude Include="Size3D.h">
      <Filter>Headerdateien</Filter>
    </ClInclude>
    <ClInclude Include="UI_MapConfig.h">
      <Filter>Headerdateien</Filter>
    </ClInclude>
    <ClInclude Include="GameComponentBase.h">
      <Filter>Headerdateien</Filter>
    </ClInclude>
    <ClInclude Include="UI_Main.h">
      <Filter>Headerdateien</Filter>
    </ClInclude>
    <ClInclude Include="UI_Game.h">
      <Filter>Headerdateien</Filter>
    </ClInclude>
    <ClInclude Include="UI_TextureResourceSelector.h">
      <Filter>Headerdateien</Filter>
    </ClInclude>
  </ItemGroup>
  <ItemGroup>
    <ResourceCompile Include="SDL_GameBase.rc">
      <Filter>Ressourcendateien</Filter>
    </ResourceCompile>
  </ItemGroup>
  <ItemGroup>
    <Text Include="_Zehnfinger_Ideas.txt">
      <Filter>Ressourcendateien</Filter>
    </Text>
  </ItemGroup>
</Project>